<Solution>
  <Project Path="docker-compose.dcproj">
    <Build />
  </Project>
  <Project Path="InboxEventsConsumer/InboxEventsConsumer.csproj" Id="95d22b96-8158-4e43-8300-a69ad1a423a8" />
  <Project Path="Notifications.Database/Notifications.Database.csproj" Id="f838661f-5b9c-42a9-b2e1-c2fdc19d322f" />
  <Project Path="OutboxEventsProcessor/OutboxEventsProcessor.csproj" Id="ca3e3b01-5a13-48c1-8bab-520bc746bd16" />
  <Project Path="Users.Database/Users.Database.csproj" Id="3ab19c3e-2b77-4291-88d3-61ca8c638c38" />
  <Project Path="UsersApi/UsersApi.csproj" />
</Solution>
